// !$*UTF8*$!
{
	archiveVersion = 1;
	classes = {
	};
	objectVersion = 56;
	objects = {

/* Begin PBXBuildFile section */
		C2C136632945D63600FDDDC6 /* guest_room.cpp in Sources */ = {isa = PBXBuildFile; fileRef = C2C1365D2945D63600FDDDC6 /* guest_room.cpp */; };
		C2C136652945D63600FDDDC6 /* room_view.cpp in Sources */ = {isa = PBXBuildFile; fileRef = C2C136602945D63600FDDDC6 /* room_view.cpp */; };
		C2C136662945D63600FDDDC6 /* room_manager.cpp in Sources */ = {isa = PBXBuildFile; fileRef = C2C136612945D63600FDDDC6 /* room_manager.cpp */; };
		C2E9578D293B57AD00A908CD /* main.cpp in Sources */ = {isa = PBXBuildFile; fileRef = C2E9578C293B57AD00A908CD /* main.cpp */; };
		C2E95795293B640D00A908CD /* libavcodec.dylib in Frameworks */ = {isa = PBXBuildFile; fileRef = C2E95794293B640D00A908CD /* libavcodec.dylib */; };
		C2E95797293B641800A908CD /* libavformat.dylib in Frameworks */ = {isa = PBXBuildFile; fileRef = C2E95796293B641800A908CD /* libavformat.dylib */; };
		C2E95799293B641D00A908CD /* libavutil.dylib in Frameworks */ = {isa = PBXBuildFile; fileRef = C2E95798293B641D00A908CD /* libavutil.dylib */; };
		C2E9579B293B646200A908CD /* libavfilter.dylib in Frameworks */ = {isa = PBXBuildFile; fileRef = C2E9579A293B646200A908CD /* libavfilter.dylib */; };
		C2E9579F293B64A000A908CD /* libswresample.dylib in Frameworks */ = {isa = PBXBuildFile; fileRef = C2E9579E293B64A000A908CD /* libswresample.dylib */; };
		C2E957C4293B6BB500A908CD /* ffmpeg-01.c in Sources */ = {isa = PBXBuildFile; fileRef = C2E957C3293B6BB500A908CD /* ffmpeg-01.c */; };
		C2E957CF293B7FDE00A908CD /* media.c in Sources */ = {isa = PBXBuildFile; fileRef = C2E957CE293B7FDE00A908CD /* media.c */; };
/* End PBXBuildFile section */

/* Begin PBXCopyFilesBuildPhase section */
		C2E95787293B57AD00A908CD /* CopyFiles */ = {
			isa = PBXCopyFilesBuildPhase;
			buildActionMask = 2147483647;
			dstPath = /usr/share/man/man1/;
			dstSubfolderSpec = 0;
			files = (
			);
			runOnlyForDeploymentPostprocessing = 1;
		};
/* End PBXCopyFilesBuildPhase section */

/* Begin PBXFileReference section */
		C25FFBA1293DA4920025F571 /* ffmpeg */ = {isa = PBXFileReference; lastKnownFileType = folder; name = ffmpeg; path = ../../ffmpeg; sourceTree = "<group>"; };
		C2C1365C2945D63600FDDDC6 /* room_view.hpp */ = {isa = PBXFileReference; fileEncoding = 4; lastKnownFileType = sourcecode.cpp.h; name = room_view.hpp; path = ../../../../HotelManagementSystem/HotelManagementSystem/room_view.hpp; sourceTree = "<group>"; };
		C2C1365D2945D63600FDDDC6 /* guest_room.cpp */ = {isa = PBXFileReference; fileEncoding = 4; lastKnownFileType = sourcecode.cpp.cpp; name = guest_room.cpp; path = ../../../../HotelManagementSystem/HotelManagementSystem/guest_room.cpp; sourceTree = "<group>"; };
		C2C1365E2945D63600FDDDC6 /* room_manager.hpp */ = {isa = PBXFileReference; fileEncoding = 4; lastKnownFileType = sourcecode.cpp.h; name = room_manager.hpp; path = ../../../../HotelManagementSystem/HotelManagementSystem/room_manager.hpp; sourceTree = "<group>"; };
		C2C136602945D63600FDDDC6 /* room_view.cpp */ = {isa = PBXFileReference; fileEncoding = 4; lastKnownFileType = sourcecode.cpp.cpp; name = room_view.cpp; path = ../../../../HotelManagementSystem/HotelManagementSystem/room_view.cpp; sourceTree = "<group>"; };
		C2C136612945D63600FDDDC6 /* room_manager.cpp */ = {isa = PBXFileReference; fileEncoding = 4; lastKnownFileType = sourcecode.cpp.cpp; name = room_manager.cpp; path = ../../../../HotelManagementSystem/HotelManagementSystem/room_manager.cpp; sourceTree = "<group>"; };
		C2C136622945D63600FDDDC6 /* guest_room.hpp */ = {isa = PBXFileReference; fileEncoding = 4; lastKnownFileType = sourcecode.cpp.h; name = guest_room.hpp; path = ../../../../HotelManagementSystem/HotelManagementSystem/guest_room.hpp; sourceTree = "<group>"; };
		C2E95789293B57AD00A908CD /* media_project */ = {isa = PBXFileReference; explicitFileType = "compiled.mach-o.executable"; includeInIndex = 0; path = media_project; sourceTree = BUILT_PRODUCTS_DIR; };
		C2E9578C293B57AD00A908CD /* main.cpp */ = {isa = PBXFileReference; lastKnownFileType = sourcecode.cpp.cpp; path = main.cpp; sourceTree = "<group>"; };
		C2E95794293B640D00A908CD /* libavcodec.dylib */ = {isa = PBXFileReference; lastKnownFileType = "compiled.mach-o.dylib"; name = libavcodec.dylib; path = ../../../../../../usr/local/lib/libavcodec.dylib; sourceTree = "<group>"; };
		C2E95796293B641800A908CD /* libavformat.dylib */ = {isa = PBXFileReference; lastKnownFileType = "compiled.mach-o.dylib"; name = libavformat.dylib; path = ../../../../../../usr/local/lib/libavformat.dylib; sourceTree = "<group>"; };
		C2E95798293B641D00A908CD /* libavutil.dylib */ = {isa = PBXFileReference; lastKnownFileType = "compiled.mach-o.dylib"; name = libavutil.dylib; path = ../../../../../../usr/local/lib/libavutil.dylib; sourceTree = "<group>"; };
		C2E9579A293B646200A908CD /* libavfilter.dylib */ = {isa = PBXFileReference; lastKnownFileType = "compiled.mach-o.dylib"; name = libavfilter.dylib; path = ../../../../../../usr/local/lib/libavfilter.dylib; sourceTree = "<group>"; };
		C2E9579C293B649100A908CD /* libswscale.dylib */ = {isa = PBXFileReference; lastKnownFileType = "compiled.mach-o.dylib"; name = libswscale.dylib; path = ../../../../../../usr/local/lib/libswscale.dylib; sourceTree = "<group>"; };
		C2E9579E293B64A000A908CD /* libswresample.dylib */ = {isa = PBXFileReference; lastKnownFileType = "compiled.mach-o.dylib"; name = libswresample.dylib; path = ../../../../../../usr/local/lib/libswresample.dylib; sourceTree = "<group>"; };
		C2E957C0293B671B00A908CD /* libavdevice.59.dylib */ = {isa = PBXFileReference; lastKnownFileType = "compiled.mach-o.dylib"; name = libavdevice.59.dylib; path = ../../../../../../usr/local/lib/libavdevice.59.dylib; sourceTree = "<group>"; };
		C2E957C2293B6BB500A908CD /* ffmpeg-01.h */ = {isa = PBXFileReference; lastKnownFileType = sourcecode.c.h; path = "ffmpeg-01.h"; sourceTree = "<group>"; };
		C2E957C3293B6BB500A908CD /* ffmpeg-01.c */ = {isa = PBXFileReference; lastKnownFileType = sourcecode.c.c; path = "ffmpeg-01.c"; sourceTree = "<group>"; };
		C2E957CA293B76A000A908CD /* test.txt */ = {isa = PBXFileReference; lastKnownFileType = text; path = test.txt; sourceTree = "<group>"; };
		C2E957CD293B7FDE00A908CD /* media.h */ = {isa = PBXFileReference; lastKnownFileType = sourcecode.c.h; path = media.h; sourceTree = "<group>"; };
		C2E957CE293B7FDE00A908CD /* media.c */ = {isa = PBXFileReference; lastKnownFileType = sourcecode.c.c; path = media.c; sourceTree = "<group>"; };
/* End PBXFileReference section */

/* Begin PBXFrameworksBuildPhase section */
		C2E95786293B57AD00A908CD /* Frameworks */ = {
			isa = PBXFrameworksBuildPhase;
			buildActionMask = 2147483647;
			files = (
				C2E95795293B640D00A908CD /* libavcodec.dylib in Frameworks */,
				C2E9579B293B646200A908CD /* libavfilter.dylib in Frameworks */,
				C2E95799293B641D00A908CD /* libavutil.dylib in Frameworks */,
				C2E9579F293B64A000A908CD /* libswresample.dylib in Frameworks */,
				C2E95797293B641800A908CD /* libavformat.dylib in Frameworks */,
			);
			runOnlyForDeploymentPostprocessing = 0;
		};
/* End PBXFrameworksBuildPhase section */

/* Begin PBXGroup section */
		C2C1363029448A2400FDDDC6 /* cpp */ = {
			isa = PBXGroup;
			children = (
				C2C1365B2945D5F100FDDDC6 /* hotel_manager_system */,
			);
			path = cpp;
			sourceTree = "<group>";
		};
		C2C1365B2945D5F100FDDDC6 /* hotel_manager_system */ = {
			isa = PBXGroup;
			children = (
				C2C1365D2945D63600FDDDC6 /* guest_room.cpp */,
				C2C136622945D63600FDDDC6 /* guest_room.hpp */,
				C2C136612945D63600FDDDC6 /* room_manager.cpp */,
				C2C1365E2945D63600FDDDC6 /* room_manager.hpp */,
				C2C136602945D63600FDDDC6 /* room_view.cpp */,
				C2C1365C2945D63600FDDDC6 /* room_view.hpp */,
			);
			path = hotel_manager_system;
			sourceTree = "<group>";
		};
		C2E95780293B57AD00A908CD = {
			isa = PBXGroup;
			children = (
				C2E9578B293B57AD00A908CD /* media_project */,
				C2E9578A293B57AD00A908CD /* Products */,
				C2E95793293B640D00A908CD /* Frameworks */,
			);
			sourceTree = "<group>";
		};
		C2E9578A293B57AD00A908CD /* Products */ = {
			isa = PBXGroup;
			children = (
				C2E95789293B57AD00A908CD /* media_project */,
			);
			name = Products;
			sourceTree = "<group>";
		};
		C2E9578B293B57AD00A908CD /* media_project */ = {
			isa = PBXGroup;
			children = (
				C2C1363029448A2400FDDDC6 /* cpp */,
				C25FFBA1293DA4920025F571 /* ffmpeg */,
				C2E957CC293B7FB700A908CD /* file */,
				C2E957CB293B7FAF00A908CD /* media */,
				C2E957C9293B767900A908CD /* test */,
				C2E9578C293B57AD00A908CD /* main.cpp */,
			);
			path = media_project;
			sourceTree = "<group>";
		};
		C2E95793293B640D00A908CD /* Frameworks */ = {
			isa = PBXGroup;
			children = (
				C2E957C0293B671B00A908CD /* libavdevice.59.dylib */,
				C2E9579E293B64A000A908CD /* libswresample.dylib */,
				C2E9579C293B649100A908CD /* libswscale.dylib */,
				C2E9579A293B646200A908CD /* libavfilter.dylib */,
				C2E95798293B641D00A908CD /* libavutil.dylib */,
				C2E95796293B641800A908CD /* libavformat.dylib */,
				C2E95794293B640D00A908CD /* libavcodec.dylib */,
			);
			name = Frameworks;
			sourceTree = "<group>";
		};
		C2E957C9293B767900A908CD /* test */ = {
			isa = PBXGroup;
			children = (
				C2E957CA293B76A000A908CD /* test.txt */,
			);
			path = test;
			sourceTree = "<group>";
		};
		C2E957CB293B7FAF00A908CD /* media */ = {
			isa = PBXGroup;
			children = (
				C2E957CD293B7FDE00A908CD /* media.h */,
				C2E957CE293B7FDE00A908CD /* media.c */,
			);
			path = media;
			sourceTree = "<group>";
		};
		C2E957CC293B7FB700A908CD /* file */ = {
			isa = PBXGroup;
			children = (
				C2E957C2293B6BB500A908CD /* ffmpeg-01.h */,
				C2E957C3293B6BB500A908CD /* ffmpeg-01.c */,
			);
			path = file;
			sourceTree = "<group>";
		};
/* End PBXGroup section */

/* Begin PBXNativeTarget section */
		C2E95788293B57AD00A908CD /* media_project */ = {
			isa = PBXNativeTarget;
			buildConfigurationList = C2E95790293B57AD00A908CD /* Build configuration list for PBXNativeTarget "media_project" */;
			buildPhases = (
				C2E95785293B57AD00A908CD /* Sources */,
				C2E95786293B57AD00A908CD /* Frameworks */,
				C2E95787293B57AD00A908CD /* CopyFiles */,
			);
			buildRules = (
			);
			dependencies = (
			);
			name = media_project;
			productName = media_project;
			productReference = C2E95789293B57AD00A908CD /* media_project */;
			productType = "com.apple.product-type.tool";
		};
/* End PBXNativeTarget section */

/* Begin PBXProject section */
		C2E95781293B57AD00A908CD /* Project object */ = {
			isa = PBXProject;
			attributes = {
				BuildIndependentTargetsInParallel = 1;
				LastUpgradeCheck = 1410;
				TargetAttributes = {
					C2E95788293B57AD00A908CD = {
						CreatedOnToolsVersion = 14.1;
					};
				};
			};
			buildConfigurationList = C2E95784293B57AD00A908CD /* Build configuration list for PBXProject "media_project" */;
			compatibilityVersion = "Xcode 14.0";
			developmentRegion = en;
			hasScannedForEncodings = 0;
			knownRegions = (
				en,
				Base,
			);
			mainGroup = C2E95780293B57AD00A908CD;
			productRefGroup = C2E9578A293B57AD00A908CD /* Products */;
			projectDirPath = "";
			projectRoot = "";
			targets = (
				C2E95788293B57AD00A908CD /* media_project */,
			);
		};
/* End PBXProject section */

/* Begin PBXSourcesBuildPhase section */
		C2E95785293B57AD00A908CD /* Sources */ = {
			isa = PBXSourcesBuildPhase;
			buildActionMask = 2147483647;
			files = (
				C2C136652945D63600FDDDC6 /* room_view.cpp in Sources */,
				C2E957CF293B7FDE00A908CD /* media.c in Sources */,
				C2E9578D293B57AD00A908CD /* main.cpp in Sources */,
				C2C136632945D63600FDDDC6 /* guest_room.cpp in Sources */,
				C2C136662945D63600FDDDC6 /* room_manager.cpp in Sources */,
				C2E957C4293B6BB500A908CD /* ffmpeg-01.c in Sources */,
			);
			runOnlyForDeploymentPostprocessing = 0;
		};
/* End PBXSourcesBuildPhase section */

/* Begin XCBuildConfiguration section */
		C2E9578E293B57AD00A908CD /* Debug */ = {
			isa = XCBuildConfiguration;
			buildSettings = {
				ALWAYS_SEARCH_USER_PATHS = NO;
				CLANG_ANALYZER_NONNULL = YES;
				CLANG_ANALYZER_NUMBER_OBJECT_CONVERSION = YES_AGGRESSIVE;
				CLANG_CXX_LANGUAGE_STANDARD = "gnu++20";
				CLANG_ENABLE_MODULES = YES;
				CLANG_ENABLE_OBJC_ARC = YES;
				CLANG_ENABLE_OBJC_WEAK = YES;
				CLANG_WARN_BLOCK_CAPTURE_AUTORELEASING = YES;
				CLANG_WARN_BOOL_CONVERSION = YES;
				CLANG_WARN_COMMA = YES;
				CLANG_WARN_CONSTANT_CONVERSION = YES;
				CLANG_WARN_DEPRECATED_OBJC_IMPLEMENTATIONS = YES;
				CLANG_WARN_DIRECT_OBJC_ISA_USAGE = YES_ERROR;
				CLANG_WARN_DOCUMENTATION_COMMENTS = YES;
				CLANG_WARN_EMPTY_BODY = YES;
				CLANG_WARN_ENUM_CONVERSION = YES;
				CLANG_WARN_INFINITE_RECURSION = YES;
				CLANG_WARN_INT_CONVERSION = YES;
				CLANG_WARN_NON_LITERAL_NULL_CONVERSION = YES;
				CLANG_WARN_OBJC_IMPLICIT_RETAIN_SELF = YES;
				CLANG_WARN_OBJC_LITERAL_CONVERSION = YES;
				CLANG_WARN_OBJC_ROOT_CLASS = YES_ERROR;
				CLANG_WARN_QUOTED_INCLUDE_IN_FRAMEWORK_HEADER = YES;
				CLANG_WARN_RANGE_LOOP_ANALYSIS = YES;
				CLANG_WARN_STRICT_PROTOTYPES = YES;
				CLANG_WARN_SUSPICIOUS_MOVE = YES;
				CLANG_WARN_UNGUARDED_AVAILABILITY = YES_AGGRESSIVE;
				CLANG_WARN_UNREACHABLE_CODE = YES;
				CLANG_WARN__DUPLICATE_METHOD_MATCH = YES;
				COPY_PHASE_STRIP = NO;
				DEBUG_INFORMATION_FORMAT = dwarf;
				ENABLE_STRICT_OBJC_MSGSEND = YES;
				ENABLE_TESTABILITY = YES;
				GCC_C_LANGUAGE_STANDARD = gnu11;
				GCC_DYNAMIC_NO_PIC = NO;
				GCC_NO_COMMON_BLOCKS = YES;
				GCC_OPTIMIZATION_LEVEL = 0;
				GCC_PREPROCESSOR_DEFINITIONS = (
					"DEBUG=1",
					"$(inherited)",
				);
				GCC_WARN_64_TO_32_BIT_CONVERSION = YES;
				GCC_WARN_ABOUT_RETURN_TYPE = YES_ERROR;
				GCC_WARN_UNDECLARED_SELECTOR = YES;
				GCC_WARN_UNINITIALIZED_AUTOS = YES_AGGRESSIVE;
				GCC_WARN_UNUSED_FUNCTION = YES;
				GCC_WARN_UNUSED_VARIABLE = YES;
				MACOSX_DEPLOYMENT_TARGET = 12.6;
				MTL_ENABLE_DEBUG_INFO = INCLUDE_SOURCE;
				MTL_FAST_MATH = YES;
				ONLY_ACTIVE_ARCH = YES;
				SDKROOT = macosx;
			};
			name = Debug;
		};
		C2E9578F293B57AD00A908CD /* Release */ = {
			isa = XCBuildConfiguration;
			buildSettings = {
				ALWAYS_SEARCH_USER_PATHS = NO;
				CLANG_ANALYZER_NONNULL = YES;
				CLANG_ANALYZER_NUMBER_OBJECT_CONVERSION = YES_AGGRESSIVE;
				CLANG_CXX_LANGUAGE_STANDARD = "gnu++20";
				CLANG_ENABLE_MODULES = YES;
				CLANG_ENABLE_OBJC_ARC = YES;
				CLANG_ENABLE_OBJC_WEAK = YES;
				CLANG_WARN_BLOCK_CAPTURE_AUTORELEASING = YES;
				CLANG_WARN_BOOL_CONVERSION = YES;
				CLANG_WARN_COMMA = YES;
				CLANG_WARN_CONSTANT_CONVERSION = YES;
				CLANG_WARN_DEPRECATED_OBJC_IMPLEMENTATIONS = YES;
				CLANG_WARN_DIRECT_OBJC_ISA_USAGE = YES_ERROR;
				CLANG_WARN_DOCUMENTATION_COMMENTS = YES;
				CLANG_WARN_EMPTY_BODY = YES;
				CLANG_WARN_ENUM_CONVERSION = YES;
				CLANG_WARN_INFINITE_RECURSION = YES;
				CLANG_WARN_INT_CONVERSION = YES;
				CLANG_WARN_NON_LITERAL_NULL_CONVERSION = YES;
				CLANG_WARN_OBJC_IMPLICIT_RETAIN_SELF = YES;
				CLANG_WARN_OBJC_LITERAL_CONVERSION = YES;
				CLANG_WARN_OBJC_ROOT_CLASS = YES_ERROR;
				CLANG_WARN_QUOTED_INCLUDE_IN_FRAMEWORK_HEADER = YES;
				CLANG_WARN_RANGE_LOOP_ANALYSIS = YES;
				CLANG_WARN_STRICT_PROTOTYPES = YES;
				CLANG_WARN_SUSPICIOUS_MOVE = YES;
				CLANG_WARN_UNGUARDED_AVAILABILITY = YES_AGGRESSIVE;
				CLANG_WARN_UNREACHABLE_CODE = YES;
				CLANG_WARN__DUPLICATE_METHOD_MATCH = YES;
				COPY_PHASE_STRIP = NO;
				DEBUG_INFORMATION_FORMAT = "dwarf-with-dsym";
				ENABLE_NS_ASSERTIONS = NO;
				ENABLE_STRICT_OBJC_MSGSEND = YES;
				GCC_C_LANGUAGE_STANDARD = gnu11;
				GCC_NO_COMMON_BLOCKS = YES;
				GCC_WARN_64_TO_32_BIT_CONVERSION = YES;
				GCC_WARN_ABOUT_RETURN_TYPE = YES_ERROR;
				GCC_WARN_UNDECLARED_SELECTOR = YES;
				GCC_WARN_UNINITIALIZED_AUTOS = YES_AGGRESSIVE;
				GCC_WARN_UNUSED_FUNCTION = YES;
				GCC_WARN_UNUSED_VARIABLE = YES;
				MACOSX_DEPLOYMENT_TARGET = 12.6;
				MTL_ENABLE_DEBUG_INFO = NO;
				MTL_FAST_MATH = YES;
				SDKROOT = macosx;
			};
			name = Release;
		};
		C2E95791293B57AD00A908CD /* Debug */ = {
			isa = XCBuildConfiguration;
			buildSettings = {
				CODE_SIGN_STYLE = Automatic;
				DEVELOPMENT_TEAM = KB86B447HB;
				ENABLE_HARDENED_RUNTIME = NO;
				LIBRARY_SEARCH_PATHS = /usr/local/lib;
				PRODUCT_NAME = "$(TARGET_NAME)";
				USER_HEADER_SEARCH_PATHS = /usr/local/include;
			};
			name = Debug;
		};
		C2E95792293B57AD00A908CD /* Release */ = {
			isa = XCBuildConfiguration;
			buildSettings = {
				CODE_SIGN_STYLE = Automatic;
				DEVELOPMENT_TEAM = KB86B447HB;
				ENABLE_HARDENED_RUNTIME = NO;
				LIBRARY_SEARCH_PATHS = /usr/local/lib;
				PRODUCT_NAME = "$(TARGET_NAME)";
				USER_HEADER_SEARCH_PATHS = /usr/local/include;
			};
			name = Release;
		};
/* End XCBuildConfiguration section */

/* Begin XCConfigurationList section */
		C2E95784293B57AD00A908CD /* Build configuration list for PBXProject "media_project" */ = {
			isa = XCConfigurationList;
			buildConfigurations = (
				C2E9578E293B57AD00A908CD /* Debug */,
				C2E9578F293B57AD00A908CD /* Release */,
			);
			defaultConfigurationIsVisible = 0;
			defaultConfigurationName = Release;
		};
		C2E95790293B57AD00A908CD /* Build configuration list for PBXNativeTarget "media_project" */ = {
			isa = XCConfigurationList;
			buildConfigurations = (
				C2E95791293B57AD00A908CD /* Debug */,
				C2E95792293B57AD00A908CD /* Release */,
			);
			defaultConfigurationIsVisible = 0;
			defaultConfigurationName = Release;
		};
/* End XCConfigurationList section */
	};
	rootObject = C2E95781293B57AD00A908CD /* Project object */;
}
